
Microsoft Visual Studio Solution File, Format Version 12.00
# Visual Studio 15
VisualStudioVersion = 15.0.28010.2046
MinimumVisualStudioVersion = 10.0.40219.1
Project("{FAE04EC0-301F-11D3-BF4B-00C04F79EFBC}") = "RemoteControlMaster", "RemoteControlMaster\RemoteControlMaster.csproj", "{D5B4ED3D-8421-4520-8435-B77F12F8C46A}"
EndProject
Project("{FAE04EC0-301F-11D3-BF4B-00C04F79EFBC}") = "RemoteControlSlave", "RemoteControlSlave\RemoteControlSlave.csproj", "{C7F341E5-745C-40FA-A41B-B41E3AAB6259}"
EndProject
Global
	GlobalSection(SolutionConfigurationPlatforms) = preSolution
		Debug|Any CPU = Debug|Any CPU
		Release|Any CPU = Release|Any CPU
	EndGlobalSection
	GlobalSection(ProjectConfigurationPlatforms) = postSolution
		{D5B4ED3D-8421-4520-8435-B77F12F8C46A}.Debug|Any CPU.ActiveCfg = Debug|Any CPU
		{D5B4ED3D-8421-4520-8435-B77F12F8C46A}.Debug|Any CPU.Build.0 = Debug|Any CPU
		{D5B4ED3D-8421-4520-8435-B77F12F8C46A}.Release|Any CPU.ActiveCfg = Release|Any CPU
		{D5B4ED3D-8421-4520-8435-B77F12F8C46A}.Release|Any CPU.Build.0 = Release|Any CPU
		{C7F341E5-745C-40FA-A41B-B41E3AAB6259}.Debug|Any CPU.ActiveCfg = Debug|Any CPU
		{C7F341E5-745C-40FA-A41B-B41E3AAB6259}.Debug|Any CPU.Build.0 = Debug|Any CPU
		{C7F341E5-745C-40FA-A41B-B41E3AAB6259}.Release|Any CPU.ActiveCfg = Release|Any CPU
		{C7F341E5-745C-40FA-A41B-B41E3AAB6259}.Release|Any CPU.Build.0 = Release|Any CPU
	EndGlobalSection
	GlobalSection(SolutionProperties) = preSolution
		HideSolutionNode = FALSE
	EndGlobalSection
	GlobalSection(ExtensibilityGlobals) = postSolution
		SolutionGuid = {F1EA500F-4A86-462C-846B-85FC6F89E350}
	EndGlobalSection
EndGlobal
